
Microsoft Visual Studio Solution File, Format Version 12.00
# Visual Studio Version 16
VisualStudioVersion = 16.0.30907.101
MinimumVisualStudioVersion = 10.0.40219.1
Project("{FAE04EC0-301F-11D3-BF4B-00C04F79EFBC}") = "NoteAppUI", "NoteAppUI.csproj", "{0A081307-903F-4394-AF63-FCEE03AE8202}"
EndProject
Global
	GlobalSection(SolutionConfigurationPlatforms) = preSolution
		Debug|Any CPU = Debug|Any CPU
		Release|Any CPU = Release|Any CPU
	EndGlobalSection
	GlobalSection(ProjectConfigurationPlatforms) = postSolution
		{0A081307-903F-4394-AF63-FCEE03AE8202}.Debug|Any CPU.ActiveCfg = Debug|Any CPU
		{0A081307-903F-4394-AF63-FCEE03AE8202}.Debug|Any CPU.Build.0 = Debug|Any CPU
		{0A081307-903F-4394-AF63-FCEE03AE8202}.Release|Any CPU.ActiveCfg = Release|Any CPU
		{0A081307-903F-4394-AF63-FCEE03AE8202}.Release|Any CPU.Build.0 = Release|Any CPU
	EndGlobalSection
	GlobalSection(SolutionProperties) = preSolution
		HideSolutionNode = FALSE
	EndGlobalSection
	GlobalSection(ExtensibilityGlobals) = postSolution
		SolutionGuid = {238CBCA5-BCC8-470F-BC94-BC9F5A41D6E1}
	EndGlobalSection
EndGlobal
